
Microsoft Visual Studio Solution File, Format Version 12.00
# Visual Studio Version 17
VisualStudioVersion = 17.2.32630.192
MinimumVisualStudioVersion = 10.0.40219.1
Project("{FAE04EC0-301F-11D3-BF4B-00C04F79EFBC}") = "WorkshopOne", "WorkshopOne\WorkshopOne.csproj", "{01BB2CA9-DE4E-43B2-A39B-0598C9E41024}"
EndProject
Global
	GlobalSection(SolutionConfigurationPlatforms) = preSolution
		Debug|Any CPU = Debug|Any CPU
		Release|Any CPU = Release|Any CPU
	EndGlobalSection
	GlobalSection(ProjectConfigurationPlatforms) = postSolution
		{01BB2CA9-DE4E-43B2-A39B-0598C9E41024}.Debug|Any CPU.ActiveCfg = Debug|Any CPU
		{01BB2CA9-DE4E-43B2-A39B-0598C9E41024}.Debug|Any CPU.Build.0 = Debug|Any CPU
		{01BB2CA9-DE4E-43B2-A39B-0598C9E41024}.Release|Any CPU.ActiveCfg = Release|Any CPU
		{01BB2CA9-DE4E-43B2-A39B-0598C9E41024}.Release|Any CPU.Build.0 = Release|Any CPU
	EndGlobalSection
	GlobalSection(SolutionProperties) = preSolution
		HideSolutionNode = FALSE
	EndGlobalSection
	GlobalSection(ExtensibilityGlobals) = postSolution
		SolutionGuid = {B264EBD8-07A5-405E-B5F6-FCC476AABA5F}
	EndGlobalSection
EndGlobal
